
Microsoft Visual Studio Solution File, Format Version 12.00
# Visual Studio Version 17
VisualStudioVersion = 17.14.36414.22 d17.14
MinimumVisualStudioVersion = 10.0.40219.1
Project("{FAE04EC0-301F-11D3-BF4B-00C04F79EFBC}") = "ConsoleApp2", "ConsoleApp2\ConsoleApp2.csproj", "{E769C766-331E-4F69-B305-566911A7142C}"
EndProject
Global
	GlobalSection(SolutionConfigurationPlatforms) = preSolution
		Debug|Any CPU = Debug|Any CPU
		Release|Any CPU = Release|Any CPU
	EndGlobalSection
	GlobalSection(ProjectConfigurationPlatforms) = postSolution
		{E769C766-331E-4F69-B305-566911A7142C}.Debug|Any CPU.ActiveCfg = Debug|Any CPU
		{E769C766-331E-4F69-B305-566911A7142C}.Debug|Any CPU.Build.0 = Debug|Any CPU
		{E769C766-331E-4F69-B305-566911A7142C}.Release|Any CPU.ActiveCfg = Release|Any CPU
		{E769C766-331E-4F69-B305-566911A7142C}.Release|Any CPU.Build.0 = Release|Any CPU
	EndGlobalSection
	GlobalSection(SolutionProperties) = preSolution
		HideSolutionNode = FALSE
	EndGlobalSection
	GlobalSection(ExtensibilityGlobals) = postSolution
		SolutionGuid = {3652C62A-4D7F-4B7C-A680-3FC8B32411C0}
	EndGlobalSection
EndGlobal
